// !$*UTF8*$!
{
	archiveVersion = 1;
	classes = {
	};
	objectVersion = 46;
	objects = {

/* Begin PBXBuildFile section */
		845E078B1CBE750D001E65AC /* AppDelegate.swift in Sources */ = {isa = PBXBuildFile; fileRef = 845E078A1CBE750D001E65AC /* AppDelegate.swift */; };
		845E078D1CBE750D001E65AC /* ViewController.swift in Sources */ = {isa = PBXBuildFile; fileRef = 845E078C1CBE750D001E65AC /* ViewController.swift */; };
		845E07901CBE750D001E65AC /* Main.storyboard in Resources */ = {isa = PBXBuildFile; fileRef = 845E078E1CBE750D001E65AC /* Main.storyboard */; };
		845E07931CBE750D001E65AC /* Test.xcdatamodeld in Sources */ = {isa = PBXBuildFile; fileRef = 845E07911CBE750D001E65AC /* Test.xcdatamodeld */; };
		845E07951CBE750D001E65AC /* Assets.xcassets in Resources */ = {isa = PBXBuildFile; fileRef = 845E07941CBE750D001E65AC /* Assets.xcassets */; };
		845E07981CBE750D001E65AC /* LaunchScreen.storyboard in Resources */ = {isa = PBXBuildFile; fileRef = 845E07961CBE750D001E65AC /* LaunchScreen.storyboard */; };
		846552071CBFD6E200640A9C /* GlobalFunctions.swift in Sources */ = {isa = PBXBuildFile; fileRef = 846552061CBFD6E200640A9C /* GlobalFunctions.swift */; };
		8465520A1CBFD7B000640A9C /* mainTableViewCell.swift in Sources */ = {isa = PBXBuildFile; fileRef = 846552081CBFD7B000640A9C /* mainTableViewCell.swift */; };
		8465520B1CBFD7B000640A9C /* mainTableViewCell.xib in Resources */ = {isa = PBXBuildFile; fileRef = 846552091CBFD7B000640A9C /* mainTableViewCell.xib */; };
		84DA64BF1CBF864D00B9ACB3 /* mainTableViewController.swift in Sources */ = {isa = PBXBuildFile; fileRef = 84DA64BE1CBF864D00B9ACB3 /* mainTableViewController.swift */; };
		84E243761CC22AA400F7E95F /* SwiftyJSON.framework in Frameworks */ = {isa = PBXBuildFile; fileRef = 84E243751CC22AA400F7E95F /* SwiftyJSON.framework */; };
		84EB72D41CC1897F00959DF3 /* Alamofire.framework in Frameworks */ = {isa = PBXBuildFile; fileRef = 84EB737A1CC18339002D5BE9 /* Alamofire.framework */; };
		84EDA6911CC0D8B200569BF4 /* Restaurant.swift in Sources */ = {isa = PBXBuildFile; fileRef = 84EDA68F1CC0D8B200569BF4 /* Restaurant.swift */; };
/* End PBXBuildFile section */

/* Begin PBXFileReference section */
		845E07871CBE750C001E65AC /* Test.app */ = {isa = PBXFileReference; explicitFileType = wrapper.application; includeInIndex = 0; path = Test.app; sourceTree = BUILT_PRODUCTS_DIR; };
		845E078A1CBE750D001E65AC /* AppDelegate.swift */ = {isa = PBXFileReference; lastKnownFileType = sourcecode.swift; path = AppDelegate.swift; sourceTree = "<group>"; };
		845E078C1CBE750D001E65AC /* ViewController.swift */ = {isa = PBXFileReference; lastKnownFileType = sourcecode.swift; path = ViewController.swift; sourceTree = "<group>"; };
		845E078F1CBE750D001E65AC /* Base */ = {isa = PBXFileReference; lastKnownFileType = file.storyboard; name = Base; path = Base.lproj/Main.storyboard; sourceTree = "<group>"; };
		845E07921CBE750D001E65AC /* Test.xcdatamodel */ = {isa = PBXFileReference; lastKnownFileType = wrapper.xcdatamodel; path = Test.xcdatamodel; sourceTree = "<group>"; };
		845E07941CBE750D001E65AC /* Assets.xcassets */ = {isa = PBXFileReference; lastKnownFileType = folder.assetcatalog; path = Assets.xcassets; sourceTree = "<group>"; };
		845E07971CBE750D001E65AC /* Base */ = {isa = PBXFileReference; lastKnownFileType = file.storyboard; name = Base; path = Base.lproj/LaunchScreen.storyboard; sourceTree = "<group>"; };
		845E07991CBE750D001E65AC /* Info.plist */ = {isa = PBXFileReference; lastKnownFileType = text.plist.xml; path = Info.plist; sourceTree = "<group>"; };
		846552061CBFD6E200640A9C /* GlobalFunctions.swift */ = {isa = PBXFileReference; fileEncoding = 4; lastKnownFileType = sourcecode.swift; path = GlobalFunctions.swift; sourceTree = "<group>"; };
		846552081CBFD7B000640A9C /* mainTableViewCell.swift */ = {isa = PBXFileReference; fileEncoding = 4; lastKnownFileType = sourcecode.swift; path = mainTableViewCell.swift; sourceTree = "<group>"; };
		846552091CBFD7B000640A9C /* mainTableViewCell.xib */ = {isa = PBXFileReference; fileEncoding = 4; lastKnownFileType = file.xib; path = mainTableViewCell.xib; sourceTree = "<group>"; };
		84DA64BE1CBF864D00B9ACB3 /* mainTableViewController.swift */ = {isa = PBXFileReference; fileEncoding = 4; lastKnownFileType = sourcecode.swift; path = mainTableViewController.swift; sourceTree = "<group>"; };
		84E243751CC22AA400F7E95F /* SwiftyJSON.framework */ = {isa = PBXFileReference; lastKnownFileType = wrapper.framework; name = SwiftyJSON.framework; path = Carthage/Build/iOS/SwiftyJSON.framework; sourceTree = "<group>"; };
		84EB737A1CC18339002D5BE9 /* Alamofire.framework */ = {isa = PBXFileReference; lastKnownFileType = wrapper.framework; name = Alamofire.framework; path = Carthage/Build/iOS/Alamofire.framework; sourceTree = "<group>"; };
		84EDA68F1CC0D8B200569BF4 /* Restaurant.swift */ = {isa = PBXFileReference; fileEncoding = 4; lastKnownFileType = sourcecode.swift; name = Restaurant.swift; path = ../Restaurant.swift; sourceTree = "<group>"; };
/* End PBXFileReference section */

/* Begin PBXFrameworksBuildPhase section */
		845E07841CBE750C001E65AC /* Frameworks */ = {
			isa = PBXFrameworksBuildPhase;
			buildActionMask = 2147483647;
			files = (
				84EB72D41CC1897F00959DF3 /* Alamofire.framework in Frameworks */,
				84E243761CC22AA400F7E95F /* SwiftyJSON.framework in Frameworks */,
			);
			runOnlyForDeploymentPostprocessing = 0;
		};
/* End PBXFrameworksBuildPhase section */

/* Begin PBXGroup section */
		845E077E1CBE750C001E65AC = {
			isa = PBXGroup;
			children = (
				84E243751CC22AA400F7E95F /* SwiftyJSON.framework */,
				84EB737A1CC18339002D5BE9 /* Alamofire.framework */,
				845E07891CBE750C001E65AC /* Test */,
				845E07881CBE750C001E65AC /* Products */,
			);
			sourceTree = "<group>";
		};
		845E07881CBE750C001E65AC /* Products */ = {
			isa = PBXGroup;
			children = (
				845E07871CBE750C001E65AC /* Test.app */,
			);
			name = Products;
			sourceTree = "<group>";
		};
		845E07891CBE750C001E65AC /* Test */ = {
			isa = PBXGroup;
			children = (
				845E078A1CBE750D001E65AC /* AppDelegate.swift */,
				845E078C1CBE750D001E65AC /* ViewController.swift */,
				845E078E1CBE750D001E65AC /* Main.storyboard */,
				845E07941CBE750D001E65AC /* Assets.xcassets */,
				845E07961CBE750D001E65AC /* LaunchScreen.storyboard */,
				845E07991CBE750D001E65AC /* Info.plist */,
				845E07911CBE750D001E65AC /* Test.xcdatamodeld */,
				84DA64BE1CBF864D00B9ACB3 /* mainTableViewController.swift */,
				846552061CBFD6E200640A9C /* GlobalFunctions.swift */,
				846552081CBFD7B000640A9C /* mainTableViewCell.swift */,
				846552091CBFD7B000640A9C /* mainTableViewCell.xib */,
				84EDA68F1CC0D8B200569BF4 /* Restaurant.swift */,
			);
			path = Test;
			sourceTree = "<group>";
		};
/* End PBXGroup section */

/* Begin PBXNativeTarget section */
		845E07861CBE750C001E65AC /* Test */ = {
			isa = PBXNativeTarget;
			buildConfigurationList = 845E079C1CBE750D001E65AC /* Build configuration list for PBXNativeTarget "Test" */;
			buildPhases = (
				845E07831CBE750C001E65AC /* Sources */,
				845E07841CBE750C001E65AC /* Frameworks */,
				845E07851CBE750C001E65AC /* Resources */,
				84EB72D51CC18A2900959DF3 /* ShellScript */,
			);
			buildRules = (
			);
			dependencies = (
			);
			name = Test;
			productName = Test;
			productReference = 845E07871CBE750C001E65AC /* Test.app */;
			productType = "com.apple.product-type.application";
		};
/* End PBXNativeTarget section */

/* Begin PBXProject section */
		845E077F1CBE750C001E65AC /* Project object */ = {
			isa = PBXProject;
			attributes = {
				LastSwiftUpdateCheck = 0720;
				LastUpgradeCheck = 0720;
				ORGANIZATIONNAME = "Serhii Petrishenko";
				TargetAttributes = {
					845E07861CBE750C001E65AC = {
						CreatedOnToolsVersion = 7.2.1;
						DevelopmentTeam = 9LMGJ7V3KN;
					};
				};
			};
			buildConfigurationList = 845E07821CBE750C001E65AC /* Build configuration list for PBXProject "Test" */;
			compatibilityVersion = "Xcode 3.2";
			developmentRegion = English;
			hasScannedForEncodings = 0;
			knownRegions = (
				en,
				Base,
			);
			mainGroup = 845E077E1CBE750C001E65AC;
			productRefGroup = 845E07881CBE750C001E65AC /* Products */;
			projectDirPath = "";
			projectRoot = "";
			targets = (
				845E07861CBE750C001E65AC /* Test */,
			);
		};
/* End PBXProject section */

/* Begin PBXResourcesBuildPhase section */
		845E07851CBE750C001E65AC /* Resources */ = {
			isa = PBXResourcesBuildPhase;
			buildActionMask = 2147483647;
			files = (
				845E07981CBE750D001E65AC /* LaunchScreen.storyboard in Resources */,
				845E07951CBE750D001E65AC /* Assets.xcassets in Resources */,
				8465520B1CBFD7B000640A9C /* mainTableViewCell.xib in Resources */,
				845E07901CBE750D001E65AC /* Main.storyboard in Resources */,
			);
			runOnlyForDeploymentPostprocessing = 0;
		};
/* End PBXResourcesBuildPhase section */

/* Begin PBXShellScriptBuildPhase section */
		84EB72D51CC18A2900959DF3 /* ShellScript */ = {
			isa = PBXShellScriptBuildPhase;
			buildActionMask = 12;
			files = (
			);
			inputPaths = (
				"$(SRCROOT)/Carthage/Build/iOS/Alamofire.framework",
				"$(SRCROOT)/Carthage/Build/iOS/SwiftyJSON.framework",
			);
			outputPaths = (
			);
			runOnlyForDeploymentPostprocessing = 0;
			shellPath = /bin/sh;
			shellScript = "/usr/local/bin/carthage copy-frameworks";
		};
/* End PBXShellScriptBuildPhase section */

/* Begin PBXSourcesBuildPhase section */
		845E07831CBE750C001E65AC /* Sources */ = {
			isa = PBXSourcesBuildPhase;
			buildActionMask = 2147483647;
			files = (
				8465520A1CBFD7B000640A9C /* mainTableViewCell.swift in Sources */,
				846552071CBFD6E200640A9C /* GlobalFunctions.swift in Sources */,
				84DA64BF1CBF864D00B9ACB3 /* mainTableViewController.swift in Sources */,
				845E078D1CBE750D001E65AC /* ViewController.swift in Sources */,
				84EDA6911CC0D8B200569BF4 /* Restaurant.swift in Sources */,
				845E078B1CBE750D001E65AC /* AppDelegate.swift in Sources */,
				845E07931CBE750D001E65AC /* Test.xcdatamodeld in Sources */,
			);
			runOnlyForDeploymentPostprocessing = 0;
		};
/* End PBXSourcesBuildPhase section */

/* Begin PBXVariantGroup section */
		845E078E1CBE750D001E65AC /* Main.storyboard */ = {
			isa = PBXVariantGroup;
			children = (
				845E078F1CBE750D001E65AC /* Base */,
			);
			name = Main.storyboard;
			sourceTree = "<group>";
		};
		845E07961CBE750D001E65AC /* LaunchScreen.storyboard */ = {
			isa = PBXVariantGroup;
			children = (
				845E07971CBE750D001E65AC /* Base */,
			);
			name = LaunchScreen.storyboard;
			sourceTree = "<group>";
		};
/* End PBXVariantGroup section */

/* Begin XCBuildConfiguration section */
		845E079A1CBE750D001E65AC /* Debug */ = {
			isa = XCBuildConfiguration;
			buildSettings = {
				ALWAYS_SEARCH_USER_PATHS = NO;
				CLANG_CXX_LANGUAGE_STANDARD = "gnu++0x";
				CLANG_CXX_LIBRARY = "libc++";
				CLANG_ENABLE_MODULES = YES;
				CLANG_ENABLE_OBJC_ARC = YES;
				CLANG_WARN_BOOL_CONVERSION = YES;
				CLANG_WARN_CONSTANT_CONVERSION = YES;
				CLANG_WARN_DIRECT_OBJC_ISA_USAGE = YES_ERROR;
				CLANG_WARN_EMPTY_BODY = YES;
				CLANG_WARN_ENUM_CONVERSION = YES;
				CLANG_WARN_INT_CONVERSION = YES;
				CLANG_WARN_OBJC_ROOT_CLASS = YES_ERROR;
				CLANG_WARN_UNREACHABLE_CODE = YES;
				CLANG_WARN__DUPLICATE_METHOD_MATCH = YES;
				"CODE_SIGN_IDENTITY[sdk=iphoneos*]" = "iPhone Developer";
				COPY_PHASE_STRIP = NO;
				DEBUG_INFORMATION_FORMAT = dwarf;
				ENABLE_STRICT_OBJC_MSGSEND = YES;
				ENABLE_TESTABILITY = YES;
				GCC_C_LANGUAGE_STANDARD = gnu99;
				GCC_DYNAMIC_NO_PIC = NO;
				GCC_NO_COMMON_BLOCKS = YES;
				GCC_OPTIMIZATION_LEVEL = 0;
				GCC_PREPROCESSOR_DEFINITIONS = (
					"DEBUG=1",
					"$(inherited)",
				);
				GCC_WARN_64_TO_32_BIT_CONVERSION = YES;
				GCC_WARN_ABOUT_RETURN_TYPE = YES_ERROR;
				GCC_WARN_UNDECLARED_SELECTOR = YES;
				GCC_WARN_UNINITIALIZED_AUTOS = YES_AGGRESSIVE;
				GCC_WARN_UNUSED_FUNCTION = YES;
				GCC_WARN_UNUSED_VARIABLE = YES;
				IPHONEOS_DEPLOYMENT_TARGET = 9.2;
				MTL_ENABLE_DEBUG_INFO = YES;
				ONLY_ACTIVE_ARCH = YES;
				SDKROOT = iphoneos;
				SWIFT_OPTIMIZATION_LEVEL = "-Onone";
			};
			name = Debug;
		};
		845E079B1CBE750D001E65AC /* Release */ = {
			isa = XCBuildConfiguration;
			buildSettings = {
				ALWAYS_SEARCH_USER_PATHS = NO;
				CLANG_CXX_LANGUAGE_STANDARD = "gnu++0x";
				CLANG_CXX_LIBRARY = "libc++";
				CLANG_ENABLE_MODULES = YES;
				CLANG_ENABLE_OBJC_ARC = YES;
				CLANG_WARN_BOOL_CONVERSION = YES;
				CLANG_WARN_CONSTANT_CONVERSION = YES;
				CLANG_WARN_DIRECT_OBJC_ISA_USAGE = YES_ERROR;
				CLANG_WARN_EMPTY_BODY = YES;
				CLANG_WARN_ENUM_CONVERSION = YES;
				CLANG_WARN_INT_CONVERSION = YES;
				CLANG_WARN_OBJC_ROOT_CLASS = YES_ERROR;
				CLANG_WARN_UNREACHABLE_CODE = YES;
				CLANG_WARN__DUPLICATE_METHOD_MATCH = YES;
				"CODE_SIGN_IDENTITY[sdk=iphoneos*]" = "iPhone Developer";
				COPY_PHASE_STRIP = NO;
				DEBUG_INFORMATION_FORMAT = "dwarf-with-dsym";
				ENABLE_NS_ASSERTIONS = NO;
				ENABLE_STRICT_OBJC_MSGSEND = YES;
				GCC_C_LANGUAGE_STANDARD = gnu99;
				GCC_NO_COMMON_BLOCKS = YES;
				GCC_WARN_64_TO_32_BIT_CONVERSION = YES;
				GCC_WARN_ABOUT_RETURN_TYPE = YES_ERROR;
				GCC_WARN_UNDECLARED_SELECTOR = YES;
				GCC_WARN_UNINITIALIZED_AUTOS = YES_AGGRESSIVE;
				GCC_WARN_UNUSED_FUNCTION = YES;
				GCC_WARN_UNUSED_VARIABLE = YES;
				IPHONEOS_DEPLOYMENT_TARGET = 9.2;
				MTL_ENABLE_DEBUG_INFO = NO;
				SDKROOT = iphoneos;
				VALIDATE_PRODUCT = YES;
			};
			name = Release;
		};
		845E079D1CBE750D001E65AC /* Debug */ = {
			isa = XCBuildConfiguration;
			buildSettings = {
				ASSETCATALOG_COMPILER_APPICON_NAME = AppIcon;
				FRAMEWORK_SEARCH_PATHS = (
					"$(inherited)",
					"$(PROJECT_DIR)/Carthage/Build/iOS",
				);
				INFOPLIST_FILE = Test/Info.plist;
				LD_RUNPATH_SEARCH_PATHS = "$(inherited) @executable_path/Frameworks";
				PRODUCT_BUNDLE_IDENTIFIER = qwerty.Test;
				PRODUCT_NAME = "$(TARGET_NAME)";
			};
			name = Debug;
		};
		845E079E1CBE750D001E65AC /* Release */ = {
			isa = XCBuildConfiguration;
			buildSettings = {
				ASSETCATALOG_COMPILER_APPICON_NAME = AppIcon;
				FRAMEWORK_SEARCH_PATHS = (
					"$(inherited)",
					"$(PROJECT_DIR)/Carthage/Build/iOS",
				);
				INFOPLIST_FILE = Test/Info.plist;
				LD_RUNPATH_SEARCH_PATHS = "$(inherited) @executable_path/Frameworks";
				PRODUCT_BUNDLE_IDENTIFIER = qwerty.Test;
				PRODUCT_NAME = "$(TARGET_NAME)";
			};
			name = Release;
		};
/* End XCBuildConfiguration section */

/* Begin XCConfigurationList section */
		845E07821CBE750C001E65AC /* Build configuration list for PBXProject "Test" */ = {
			isa = XCConfigurationList;
			buildConfigurations = (
				845E079A1CBE750D001E65AC /* Debug */,
				845E079B1CBE750D001E65AC /* Release */,
			);
			defaultConfigurationIsVisible = 0;
			defaultConfigurationName = Release;
		};
		845E079C1CBE750D001E65AC /* Build configuration list for PBXNativeTarget "Test" */ = {
			isa = XCConfigurationList;
			buildConfigurations = (
				845E079D1CBE750D001E65AC /* Debug */,
				845E079E1CBE750D001E65AC /* Release */,
			);
			defaultConfigurationIsVisible = 0;
			defaultConfigurationName = Release;
		};
/* End XCConfigurationList section */

/* Begin XCVersionGroup section */
		845E07911CBE750D001E65AC /* Test.xcdatamodeld */ = {
			isa = XCVersionGroup;
			children = (
				845E07921CBE750D001E65AC /* Test.xcdatamodel */,
			);
			currentVersion = 845E07921CBE750D001E65AC /* Test.xcdatamodel */;
			path = Test.xcdatamodeld;
			sourceTree = "<group>";
			versionGroupType = wrapper.xcdatamodel;
		};
/* End XCVersionGroup section */
	};
	rootObject = 845E077F1CBE750C001E65AC /* Project object */;
}
